// !$*UTF8*$!
{
	archiveVersion = 1;
	classes = {
	};
	objectVersion = 56;
	objects = {

/* Begin PBXBuildFile section */
		774DD3162B59C5C50003B2C5 /* adapter.swift in Sources */ = {isa = PBXBuildFile; fileRef = 774DD3152B59C5C50003B2C5 /* adapter.swift */; };
		7771BECB2B5EBFE500F439CE /* decorator.swift in Sources */ = {isa = PBXBuildFile; fileRef = 7771BECA2B5EBFE500F439CE /* decorator.swift */; };
		7771BECD2B5ECFB400F439CE /* facade.swift in Sources */ = {isa = PBXBuildFile; fileRef = 7771BECC2B5ECFB400F439CE /* facade.swift */; };
		7771BECF2B5EFD6F00F439CE /* flyweight.swift in Sources */ = {isa = PBXBuildFile; fileRef = 7771BECE2B5EFD6F00F439CE /* flyweight.swift */; };
		7771BED12B5F093900F439CE /* proxy.swift in Sources */ = {isa = PBXBuildFile; fileRef = 7771BED02B5F093900F439CE /* proxy.swift */; };
		779BDBAB2B6C326000F65FB5 /* interpreter.swift in Sources */ = {isa = PBXBuildFile; fileRef = 779BDBAA2B6C326000F65FB5 /* interpreter.swift */; };
		77A8B5642B6B01C4009741A3 /* chain_of_responsibility.swift in Sources */ = {isa = PBXBuildFile; fileRef = 77A8B5632B6B01C4009741A3 /* chain_of_responsibility.swift */; };
		77A8B5662B6B0747009741A3 /* command.swift in Sources */ = {isa = PBXBuildFile; fileRef = 77A8B5652B6B0747009741A3 /* command.swift */; };
		77D841352B5DCBFF0057E74D /* birdge.swift in Sources */ = {isa = PBXBuildFile; fileRef = 77D841342B5DCBFF0057E74D /* birdge.swift */; };
		77D841372B5DD4B80057E74D /* composite.swift in Sources */ = {isa = PBXBuildFile; fileRef = 77D841362B5DD4B80057E74D /* composite.swift */; };
		77E798A42B790F2B009E23FE /* state.swift in Sources */ = {isa = PBXBuildFile; fileRef = 77E798A32B790F2B009E23FE /* state.swift */; };
		77E798A62B791D3A009E23FE /* strategy.swift in Sources */ = {isa = PBXBuildFile; fileRef = 77E798A52B791D3A009E23FE /* strategy.swift */; };
		77E798A82B79295E009E23FE /* template_method.swift in Sources */ = {isa = PBXBuildFile; fileRef = 77E798A72B79295E009E23FE /* template_method.swift */; };
		77E798AA2B793020009E23FE /* visitor.swift in Sources */ = {isa = PBXBuildFile; fileRef = 77E798A92B793020009E23FE /* visitor.swift */; };
		77EF6E4E2B51FB3A0016C2A8 /* abstract_factory.swift in Sources */ = {isa = PBXBuildFile; fileRef = 77EF6E4D2B51FB3A0016C2A8 /* abstract_factory.swift */; };
		77EF6E502B52DA7A0016C2A8 /* builder.swift in Sources */ = {isa = PBXBuildFile; fileRef = 77EF6E4F2B52DA7A0016C2A8 /* builder.swift */; };
		77EF6E542B5342FD0016C2A8 /* factory_method.swift in Sources */ = {isa = PBXBuildFile; fileRef = 77EF6E532B5342FD0016C2A8 /* factory_method.swift */; };
		77EF6E562B5465B90016C2A8 /* prototype.swift in Sources */ = {isa = PBXBuildFile; fileRef = 77EF6E552B5465B90016C2A8 /* prototype.swift */; };
		77EF6E5A2B5492470016C2A8 /* singleton.swift in Sources */ = {isa = PBXBuildFile; fileRef = 77EF6E592B5492470016C2A8 /* singleton.swift */; };
		77FD87C92B7574F10083B3FA /* iterator.swift in Sources */ = {isa = PBXBuildFile; fileRef = 77FD87C82B7574F10083B3FA /* iterator.swift */; };
		77FD87CB2B7586D90083B3FA /* mediator.swift in Sources */ = {isa = PBXBuildFile; fileRef = 77FD87CA2B7586D90083B3FA /* mediator.swift */; };
		77FD87CD2B758D730083B3FA /* memento.swift in Sources */ = {isa = PBXBuildFile; fileRef = 77FD87CC2B758D730083B3FA /* memento.swift */; };
		77FD87CF2B7599250083B3FA /* observer.swift in Sources */ = {isa = PBXBuildFile; fileRef = 77FD87CE2B7599250083B3FA /* observer.swift */; };
/* End PBXBuildFile section */

/* Begin PBXFileReference section */
		774DD3152B59C5C50003B2C5 /* adapter.swift */ = {isa = PBXFileReference; lastKnownFileType = sourcecode.swift; path = adapter.swift; sourceTree = "<group>"; };
		7771BECA2B5EBFE500F439CE /* decorator.swift */ = {isa = PBXFileReference; lastKnownFileType = sourcecode.swift; path = decorator.swift; sourceTree = "<group>"; };
		7771BECC2B5ECFB400F439CE /* facade.swift */ = {isa = PBXFileReference; lastKnownFileType = sourcecode.swift; path = facade.swift; sourceTree = "<group>"; };
		7771BECE2B5EFD6F00F439CE /* flyweight.swift */ = {isa = PBXFileReference; lastKnownFileType = sourcecode.swift; path = flyweight.swift; sourceTree = "<group>"; };
		7771BED02B5F093900F439CE /* proxy.swift */ = {isa = PBXFileReference; lastKnownFileType = sourcecode.swift; path = proxy.swift; sourceTree = "<group>"; };
		779BDBAA2B6C326000F65FB5 /* interpreter.swift */ = {isa = PBXFileReference; lastKnownFileType = sourcecode.swift; path = interpreter.swift; sourceTree = "<group>"; };
		77A8B5632B6B01C4009741A3 /* chain_of_responsibility.swift */ = {isa = PBXFileReference; lastKnownFileType = sourcecode.swift; path = chain_of_responsibility.swift; sourceTree = "<group>"; };
		77A8B5652B6B0747009741A3 /* command.swift */ = {isa = PBXFileReference; lastKnownFileType = sourcecode.swift; path = command.swift; sourceTree = "<group>"; };
		77D841342B5DCBFF0057E74D /* birdge.swift */ = {isa = PBXFileReference; lastKnownFileType = sourcecode.swift; path = birdge.swift; sourceTree = "<group>"; };
		77D841362B5DD4B80057E74D /* composite.swift */ = {isa = PBXFileReference; lastKnownFileType = sourcecode.swift; path = composite.swift; sourceTree = "<group>"; };
		77E798A32B790F2B009E23FE /* state.swift */ = {isa = PBXFileReference; lastKnownFileType = sourcecode.swift; path = state.swift; sourceTree = "<group>"; };
		77E798A52B791D3A009E23FE /* strategy.swift */ = {isa = PBXFileReference; lastKnownFileType = sourcecode.swift; path = strategy.swift; sourceTree = "<group>"; };
		77E798A72B79295E009E23FE /* template_method.swift */ = {isa = PBXFileReference; lastKnownFileType = sourcecode.swift; path = template_method.swift; sourceTree = "<group>"; };
		77E798A92B793020009E23FE /* visitor.swift */ = {isa = PBXFileReference; lastKnownFileType = sourcecode.swift; path = visitor.swift; sourceTree = "<group>"; };
		77EF6E3B2B51FAC40016C2A8 /* swifttern.app */ = {isa = PBXFileReference; explicitFileType = wrapper.application; includeInIndex = 0; path = swifttern.app; sourceTree = BUILT_PRODUCTS_DIR; };
		77EF6E4D2B51FB3A0016C2A8 /* abstract_factory.swift */ = {isa = PBXFileReference; lastKnownFileType = sourcecode.swift; path = abstract_factory.swift; sourceTree = "<group>"; };
		77EF6E4F2B52DA7A0016C2A8 /* builder.swift */ = {isa = PBXFileReference; lastKnownFileType = sourcecode.swift; path = builder.swift; sourceTree = "<group>"; };
		77EF6E532B5342FD0016C2A8 /* factory_method.swift */ = {isa = PBXFileReference; lastKnownFileType = sourcecode.swift; path = factory_method.swift; sourceTree = "<group>"; };
		77EF6E552B5465B90016C2A8 /* prototype.swift */ = {isa = PBXFileReference; lastKnownFileType = sourcecode.swift; path = prototype.swift; sourceTree = "<group>"; };
		77EF6E592B5492470016C2A8 /* singleton.swift */ = {isa = PBXFileReference; lastKnownFileType = sourcecode.swift; path = singleton.swift; sourceTree = "<group>"; };
		77FD87C82B7574F10083B3FA /* iterator.swift */ = {isa = PBXFileReference; lastKnownFileType = sourcecode.swift; path = iterator.swift; sourceTree = "<group>"; };
		77FD87CA2B7586D90083B3FA /* mediator.swift */ = {isa = PBXFileReference; lastKnownFileType = sourcecode.swift; path = mediator.swift; sourceTree = "<group>"; };
		77FD87CC2B758D730083B3FA /* memento.swift */ = {isa = PBXFileReference; lastKnownFileType = sourcecode.swift; path = memento.swift; sourceTree = "<group>"; };
		77FD87CE2B7599250083B3FA /* observer.swift */ = {isa = PBXFileReference; lastKnownFileType = sourcecode.swift; path = observer.swift; sourceTree = "<group>"; };
/* End PBXFileReference section */

/* Begin PBXFrameworksBuildPhase section */
		77EF6E382B51FAC40016C2A8 /* Frameworks */ = {
			isa = PBXFrameworksBuildPhase;
			buildActionMask = 2147483647;
			files = (
			);
			runOnlyForDeploymentPostprocessing = 0;
		};
/* End PBXFrameworksBuildPhase section */

/* Begin PBXGroup section */
		7797EE632B571ED600B61DC4 /* structure */ = {
			isa = PBXGroup;
			children = (
				774DD3152B59C5C50003B2C5 /* adapter.swift */,
				77D841342B5DCBFF0057E74D /* birdge.swift */,
				77D841362B5DD4B80057E74D /* composite.swift */,
				7771BECA2B5EBFE500F439CE /* decorator.swift */,
				7771BECC2B5ECFB400F439CE /* facade.swift */,
				7771BECE2B5EFD6F00F439CE /* flyweight.swift */,
				7771BED02B5F093900F439CE /* proxy.swift */,
			);
			path = structure;
			sourceTree = "<group>";
		};
		77A8B5622B6B0191009741A3 /* behavior */ = {
			isa = PBXGroup;
			children = (
				77A8B5632B6B01C4009741A3 /* chain_of_responsibility.swift */,
				77A8B5652B6B0747009741A3 /* command.swift */,
				779BDBAA2B6C326000F65FB5 /* interpreter.swift */,
				77FD87C82B7574F10083B3FA /* iterator.swift */,
				77FD87CA2B7586D90083B3FA /* mediator.swift */,
				77FD87CC2B758D730083B3FA /* memento.swift */,
				77FD87CE2B7599250083B3FA /* observer.swift */,
				77E798A32B790F2B009E23FE /* state.swift */,
				77E798A52B791D3A009E23FE /* strategy.swift */,
				77E798A72B79295E009E23FE /* template_method.swift */,
				77E798A92B793020009E23FE /* visitor.swift */,
			);
			path = behavior;
			sourceTree = "<group>";
		};
		77EF6E322B51FAC40016C2A8 = {
			isa = PBXGroup;
			children = (
				77EF6E522B52F37B0016C2A8 /* generative */,
				7797EE632B571ED600B61DC4 /* structure */,
				77A8B5622B6B0191009741A3 /* behavior */,
				77EF6E3C2B51FAC40016C2A8 /* Products */,
			);
			sourceTree = "<group>";
		};
		77EF6E3C2B51FAC40016C2A8 /* Products */ = {
			isa = PBXGroup;
			children = (
				77EF6E3B2B51FAC40016C2A8 /* swifttern.app */,
			);
			name = Products;
			sourceTree = "<group>";
		};
		77EF6E522B52F37B0016C2A8 /* generative */ = {
			isa = PBXGroup;
			children = (
				77EF6E4D2B51FB3A0016C2A8 /* abstract_factory.swift */,
				77EF6E4F2B52DA7A0016C2A8 /* builder.swift */,
				77EF6E532B5342FD0016C2A8 /* factory_method.swift */,
				77EF6E552B5465B90016C2A8 /* prototype.swift */,
				77EF6E592B5492470016C2A8 /* singleton.swift */,
			);
			path = generative;
			sourceTree = "<group>";
		};
/* End PBXGroup section */

/* Begin PBXNativeTarget section */
		77EF6E3A2B51FAC40016C2A8 /* swifttern */ = {
			isa = PBXNativeTarget;
			buildConfigurationList = 77EF6E4A2B51FAC50016C2A8 /* Build configuration list for PBXNativeTarget "swifttern" */;
			buildPhases = (
				77EF6E372B51FAC40016C2A8 /* Sources */,
				77EF6E382B51FAC40016C2A8 /* Frameworks */,
				77EF6E392B51FAC40016C2A8 /* Resources */,
			);
			buildRules = (
			);
			dependencies = (
			);
			name = swifttern;
			productName = swifttern;
			productReference = 77EF6E3B2B51FAC40016C2A8 /* swifttern.app */;
			productType = "com.apple.product-type.application";
		};
/* End PBXNativeTarget section */

/* Begin PBXProject section */
		77EF6E332B51FAC40016C2A8 /* Project object */ = {
			isa = PBXProject;
			attributes = {
				BuildIndependentTargetsInParallel = 1;
				LastSwiftUpdateCheck = 1500;
				LastUpgradeCheck = 1500;
				TargetAttributes = {
					77EF6E3A2B51FAC40016C2A8 = {
						CreatedOnToolsVersion = 15.0.1;
					};
				};
			};
			buildConfigurationList = 77EF6E362B51FAC40016C2A8 /* Build configuration list for PBXProject "swifttern" */;
			compatibilityVersion = "Xcode 14.0";
			developmentRegion = en;
			hasScannedForEncodings = 0;
			knownRegions = (
				en,
				Base,
			);
			mainGroup = 77EF6E322B51FAC40016C2A8;
			productRefGroup = 77EF6E3C2B51FAC40016C2A8 /* Products */;
			projectDirPath = "";
			projectRoot = "";
			targets = (
				77EF6E3A2B51FAC40016C2A8 /* swifttern */,
			);
		};
/* End PBXProject section */

/* Begin PBXResourcesBuildPhase section */
		77EF6E392B51FAC40016C2A8 /* Resources */ = {
			isa = PBXResourcesBuildPhase;
			buildActionMask = 2147483647;
			files = (
			);
			runOnlyForDeploymentPostprocessing = 0;
		};
/* End PBXResourcesBuildPhase section */

/* Begin PBXSourcesBuildPhase section */
		77EF6E372B51FAC40016C2A8 /* Sources */ = {
			isa = PBXSourcesBuildPhase;
			buildActionMask = 2147483647;
			files = (
				77EF6E4E2B51FB3A0016C2A8 /* abstract_factory.swift in Sources */,
				774DD3162B59C5C50003B2C5 /* adapter.swift in Sources */,
				779BDBAB2B6C326000F65FB5 /* interpreter.swift in Sources */,
				77E798A42B790F2B009E23FE /* state.swift in Sources */,
				77A8B5642B6B01C4009741A3 /* chain_of_responsibility.swift in Sources */,
				77E798A62B791D3A009E23FE /* strategy.swift in Sources */,
				77FD87CB2B7586D90083B3FA /* mediator.swift in Sources */,
				77EF6E542B5342FD0016C2A8 /* factory_method.swift in Sources */,
				77FD87CF2B7599250083B3FA /* observer.swift in Sources */,
				77FD87C92B7574F10083B3FA /* iterator.swift in Sources */,
				77E798AA2B793020009E23FE /* visitor.swift in Sources */,
				77EF6E5A2B5492470016C2A8 /* singleton.swift in Sources */,
				77EF6E562B5465B90016C2A8 /* prototype.swift in Sources */,
				77E798A82B79295E009E23FE /* template_method.swift in Sources */,
				77FD87CD2B758D730083B3FA /* memento.swift in Sources */,
				77A8B5662B6B0747009741A3 /* command.swift in Sources */,
				7771BED12B5F093900F439CE /* proxy.swift in Sources */,
				7771BECB2B5EBFE500F439CE /* decorator.swift in Sources */,
				7771BECD2B5ECFB400F439CE /* facade.swift in Sources */,
				7771BECF2B5EFD6F00F439CE /* flyweight.swift in Sources */,
				77EF6E502B52DA7A0016C2A8 /* builder.swift in Sources */,
				77D841352B5DCBFF0057E74D /* birdge.swift in Sources */,
				77D841372B5DD4B80057E74D /* composite.swift in Sources */,
			);
			runOnlyForDeploymentPostprocessing = 0;
		};
/* End PBXSourcesBuildPhase section */

/* Begin XCBuildConfiguration section */
		77EF6E482B51FAC50016C2A8 /* Debug */ = {
			isa = XCBuildConfiguration;
			buildSettings = {
				ALWAYS_SEARCH_USER_PATHS = NO;
				ASSETCATALOG_COMPILER_GENERATE_SWIFT_ASSET_SYMBOL_EXTENSIONS = YES;
				CLANG_ANALYZER_NONNULL = YES;
				CLANG_ANALYZER_NUMBER_OBJECT_CONVERSION = YES_AGGRESSIVE;
				CLANG_CXX_LANGUAGE_STANDARD = "gnu++20";
				CLANG_ENABLE_MODULES = YES;
				CLANG_ENABLE_OBJC_ARC = YES;
				CLANG_ENABLE_OBJC_WEAK = YES;
				CLANG_WARN_BLOCK_CAPTURE_AUTORELEASING = YES;
				CLANG_WARN_BOOL_CONVERSION = YES;
				CLANG_WARN_COMMA = YES;
				CLANG_WARN_CONSTANT_CONVERSION = YES;
				CLANG_WARN_DEPRECATED_OBJC_IMPLEMENTATIONS = YES;
				CLANG_WARN_DIRECT_OBJC_ISA_USAGE = YES_ERROR;
				CLANG_WARN_DOCUMENTATION_COMMENTS = YES;
				CLANG_WARN_EMPTY_BODY = YES;
				CLANG_WARN_ENUM_CONVERSION = YES;
				CLANG_WARN_INFINITE_RECURSION = YES;
				CLANG_WARN_INT_CONVERSION = YES;
				CLANG_WARN_NON_LITERAL_NULL_CONVERSION = YES;
				CLANG_WARN_OBJC_IMPLICIT_RETAIN_SELF = YES;
				CLANG_WARN_OBJC_LITERAL_CONVERSION = YES;
				CLANG_WARN_OBJC_ROOT_CLASS = YES_ERROR;
				CLANG_WARN_QUOTED_INCLUDE_IN_FRAMEWORK_HEADER = YES;
				CLANG_WARN_RANGE_LOOP_ANALYSIS = YES;
				CLANG_WARN_STRICT_PROTOTYPES = YES;
				CLANG_WARN_SUSPICIOUS_MOVE = YES;
				CLANG_WARN_UNGUARDED_AVAILABILITY = YES_AGGRESSIVE;
				CLANG_WARN_UNREACHABLE_CODE = YES;
				CLANG_WARN__DUPLICATE_METHOD_MATCH = YES;
				COPY_PHASE_STRIP = NO;
				DEBUG_INFORMATION_FORMAT = dwarf;
				ENABLE_STRICT_OBJC_MSGSEND = YES;
				ENABLE_TESTABILITY = YES;
				ENABLE_USER_SCRIPT_SANDBOXING = YES;
				GCC_C_LANGUAGE_STANDARD = gnu17;
				GCC_DYNAMIC_NO_PIC = NO;
				GCC_NO_COMMON_BLOCKS = YES;
				GCC_OPTIMIZATION_LEVEL = 0;
				GCC_PREPROCESSOR_DEFINITIONS = (
					"DEBUG=1",
					"$(inherited)",
				);
				GCC_WARN_64_TO_32_BIT_CONVERSION = YES;
				GCC_WARN_ABOUT_RETURN_TYPE = YES_ERROR;
				GCC_WARN_UNDECLARED_SELECTOR = YES;
				GCC_WARN_UNINITIALIZED_AUTOS = YES_AGGRESSIVE;
				GCC_WARN_UNUSED_FUNCTION = YES;
				GCC_WARN_UNUSED_VARIABLE = YES;
				LOCALIZATION_PREFERS_STRING_CATALOGS = YES;
				MTL_ENABLE_DEBUG_INFO = INCLUDE_SOURCE;
				MTL_FAST_MATH = YES;
				ONLY_ACTIVE_ARCH = YES;
				SWIFT_ACTIVE_COMPILATION_CONDITIONS = "DEBUG $(inherited)";
				SWIFT_OPTIMIZATION_LEVEL = "-Onone";
			};
			name = Debug;
		};
		77EF6E492B51FAC50016C2A8 /* Release */ = {
			isa = XCBuildConfiguration;
			buildSettings = {
				ALWAYS_SEARCH_USER_PATHS = NO;
				ASSETCATALOG_COMPILER_GENERATE_SWIFT_ASSET_SYMBOL_EXTENSIONS = YES;
				CLANG_ANALYZER_NONNULL = YES;
				CLANG_ANALYZER_NUMBER_OBJECT_CONVERSION = YES_AGGRESSIVE;
				CLANG_CXX_LANGUAGE_STANDARD = "gnu++20";
				CLANG_ENABLE_MODULES = YES;
				CLANG_ENABLE_OBJC_ARC = YES;
				CLANG_ENABLE_OBJC_WEAK = YES;
				CLANG_WARN_BLOCK_CAPTURE_AUTORELEASING = YES;
				CLANG_WARN_BOOL_CONVERSION = YES;
				CLANG_WARN_COMMA = YES;
				CLANG_WARN_CONSTANT_CONVERSION = YES;
				CLANG_WARN_DEPRECATED_OBJC_IMPLEMENTATIONS = YES;
				CLANG_WARN_DIRECT_OBJC_ISA_USAGE = YES_ERROR;
				CLANG_WARN_DOCUMENTATION_COMMENTS = YES;
				CLANG_WARN_EMPTY_BODY = YES;
				CLANG_WARN_ENUM_CONVERSION = YES;
				CLANG_WARN_INFINITE_RECURSION = YES;
				CLANG_WARN_INT_CONVERSION = YES;
				CLANG_WARN_NON_LITERAL_NULL_CONVERSION = YES;
				CLANG_WARN_OBJC_IMPLICIT_RETAIN_SELF = YES;
				CLANG_WARN_OBJC_LITERAL_CONVERSION = YES;
				CLANG_WARN_OBJC_ROOT_CLASS = YES_ERROR;
				CLANG_WARN_QUOTED_INCLUDE_IN_FRAMEWORK_HEADER = YES;
				CLANG_WARN_RANGE_LOOP_ANALYSIS = YES;
				CLANG_WARN_STRICT_PROTOTYPES = YES;
				CLANG_WARN_SUSPICIOUS_MOVE = YES;
				CLANG_WARN_UNGUARDED_AVAILABILITY = YES_AGGRESSIVE;
				CLANG_WARN_UNREACHABLE_CODE = YES;
				CLANG_WARN__DUPLICATE_METHOD_MATCH = YES;
				COPY_PHASE_STRIP = NO;
				DEBUG_INFORMATION_FORMAT = "dwarf-with-dsym";
				ENABLE_NS_ASSERTIONS = NO;
				ENABLE_STRICT_OBJC_MSGSEND = YES;
				ENABLE_USER_SCRIPT_SANDBOXING = YES;
				GCC_C_LANGUAGE_STANDARD = gnu17;
				GCC_NO_COMMON_BLOCKS = YES;
				GCC_WARN_64_TO_32_BIT_CONVERSION = YES;
				GCC_WARN_ABOUT_RETURN_TYPE = YES_ERROR;
				GCC_WARN_UNDECLARED_SELECTOR = YES;
				GCC_WARN_UNINITIALIZED_AUTOS = YES_AGGRESSIVE;
				GCC_WARN_UNUSED_FUNCTION = YES;
				GCC_WARN_UNUSED_VARIABLE = YES;
				LOCALIZATION_PREFERS_STRING_CATALOGS = YES;
				MTL_ENABLE_DEBUG_INFO = NO;
				MTL_FAST_MATH = YES;
				SWIFT_COMPILATION_MODE = wholemodule;
			};
			name = Release;
		};
		77EF6E4B2B51FAC50016C2A8 /* Debug */ = {
			isa = XCBuildConfiguration;
			buildSettings = {
				ASSETCATALOG_COMPILER_APPICON_NAME = AppIcon;
				ASSETCATALOG_COMPILER_GLOBAL_ACCENT_COLOR_NAME = AccentColor;
				CODE_SIGN_ENTITLEMENTS = swifttern/swifttern.entitlements;
				CODE_SIGN_STYLE = Automatic;
				CURRENT_PROJECT_VERSION = 1;
				DEVELOPMENT_ASSET_PATHS = "\"swifttern/Preview Content\"";
				ENABLE_PREVIEWS = YES;
				GENERATE_INFOPLIST_FILE = YES;
				"INFOPLIST_KEY_UIApplicationSceneManifest_Generation[sdk=iphoneos*]" = YES;
				"INFOPLIST_KEY_UIApplicationSceneManifest_Generation[sdk=iphonesimulator*]" = YES;
				"INFOPLIST_KEY_UIApplicationSupportsIndirectInputEvents[sdk=iphoneos*]" = YES;
				"INFOPLIST_KEY_UIApplicationSupportsIndirectInputEvents[sdk=iphonesimulator*]" = YES;
				"INFOPLIST_KEY_UILaunchScreen_Generation[sdk=iphoneos*]" = YES;
				"INFOPLIST_KEY_UILaunchScreen_Generation[sdk=iphonesimulator*]" = YES;
				"INFOPLIST_KEY_UIStatusBarStyle[sdk=iphoneos*]" = UIStatusBarStyleDefault;
				"INFOPLIST_KEY_UIStatusBarStyle[sdk=iphonesimulator*]" = UIStatusBarStyleDefault;
				INFOPLIST_KEY_UISupportedInterfaceOrientations_iPad = "UIInterfaceOrientationPortrait UIInterfaceOrientationPortraitUpsideDown UIInterfaceOrientationLandscapeLeft UIInterfaceOrientationLandscapeRight";
				INFOPLIST_KEY_UISupportedInterfaceOrientations_iPhone = "UIInterfaceOrientationPortrait UIInterfaceOrientationLandscapeLeft UIInterfaceOrientationLandscapeRight";
				IPHONEOS_DEPLOYMENT_TARGET = 17.0;
				LD_RUNPATH_SEARCH_PATHS = "@executable_path/Frameworks";
				"LD_RUNPATH_SEARCH_PATHS[sdk=macosx*]" = "@executable_path/../Frameworks";
				MACOSX_DEPLOYMENT_TARGET = 14.0;
				MARKETING_VERSION = 1.0;
				PRODUCT_BUNDLE_IDENTIFIER = com.swift.pattern.swifttern;
				PRODUCT_NAME = "$(TARGET_NAME)";
				SDKROOT = auto;
				SUPPORTED_PLATFORMS = "iphoneos iphonesimulator macosx";
				SWIFT_EMIT_LOC_STRINGS = YES;
				SWIFT_VERSION = 5.0;
				TARGETED_DEVICE_FAMILY = "1,2";
			};
			name = Debug;
		};
		77EF6E4C2B51FAC50016C2A8 /* Release */ = {
			isa = XCBuildConfiguration;
			buildSettings = {
				ASSETCATALOG_COMPILER_APPICON_NAME = AppIcon;
				ASSETCATALOG_COMPILER_GLOBAL_ACCENT_COLOR_NAME = AccentColor;
				CODE_SIGN_ENTITLEMENTS = swifttern/swifttern.entitlements;
				CODE_SIGN_STYLE = Automatic;
				CURRENT_PROJECT_VERSION = 1;
				DEVELOPMENT_ASSET_PATHS = "\"swifttern/Preview Content\"";
				ENABLE_PREVIEWS = YES;
				GENERATE_INFOPLIST_FILE = YES;
				"INFOPLIST_KEY_UIApplicationSceneManifest_Generation[sdk=iphoneos*]" = YES;
				"INFOPLIST_KEY_UIApplicationSceneManifest_Generation[sdk=iphonesimulator*]" = YES;
				"INFOPLIST_KEY_UIApplicationSupportsIndirectInputEvents[sdk=iphoneos*]" = YES;
				"INFOPLIST_KEY_UIApplicationSupportsIndirectInputEvents[sdk=iphonesimulator*]" = YES;
				"INFOPLIST_KEY_UILaunchScreen_Generation[sdk=iphoneos*]" = YES;
				"INFOPLIST_KEY_UILaunchScreen_Generation[sdk=iphonesimulator*]" = YES;
				"INFOPLIST_KEY_UIStatusBarStyle[sdk=iphoneos*]" = UIStatusBarStyleDefault;
				"INFOPLIST_KEY_UIStatusBarStyle[sdk=iphonesimulator*]" = UIStatusBarStyleDefault;
				INFOPLIST_KEY_UISupportedInterfaceOrientations_iPad = "UIInterfaceOrientationPortrait UIInterfaceOrientationPortraitUpsideDown UIInterfaceOrientationLandscapeLeft UIInterfaceOrientationLandscapeRight";
				INFOPLIST_KEY_UISupportedInterfaceOrientations_iPhone = "UIInterfaceOrientationPortrait UIInterfaceOrientationLandscapeLeft UIInterfaceOrientationLandscapeRight";
				IPHONEOS_DEPLOYMENT_TARGET = 17.0;
				LD_RUNPATH_SEARCH_PATHS = "@executable_path/Frameworks";
				"LD_RUNPATH_SEARCH_PATHS[sdk=macosx*]" = "@executable_path/../Frameworks";
				MACOSX_DEPLOYMENT_TARGET = 14.0;
				MARKETING_VERSION = 1.0;
				PRODUCT_BUNDLE_IDENTIFIER = com.swift.pattern.swifttern;
				PRODUCT_NAME = "$(TARGET_NAME)";
				SDKROOT = auto;
				SUPPORTED_PLATFORMS = "iphoneos iphonesimulator macosx";
				SWIFT_EMIT_LOC_STRINGS = YES;
				SWIFT_VERSION = 5.0;
				TARGETED_DEVICE_FAMILY = "1,2";
			};
			name = Release;
		};
/* End XCBuildConfiguration section */

/* Begin XCConfigurationList section */
		77EF6E362B51FAC40016C2A8 /* Build configuration list for PBXProject "swifttern" */ = {
			isa = XCConfigurationList;
			buildConfigurations = (
				77EF6E482B51FAC50016C2A8 /* Debug */,
				77EF6E492B51FAC50016C2A8 /* Release */,
			);
			defaultConfigurationIsVisible = 0;
			defaultConfigurationName = Release;
		};
		77EF6E4A2B51FAC50016C2A8 /* Build configuration list for PBXNativeTarget "swifttern" */ = {
			isa = XCConfigurationList;
			buildConfigurations = (
				77EF6E4B2B51FAC50016C2A8 /* Debug */,
				77EF6E4C2B51FAC50016C2A8 /* Release */,
			);
			defaultConfigurationIsVisible = 0;
			defaultConfigurationName = Release;
		};
/* End XCConfigurationList section */
	};
	rootObject = 77EF6E332B51FAC40016C2A8 /* Project object */;
}
